
Microsoft Visual Studio Solution File, Format Version 12.00
# Visual Studio Version 17
VisualStudioVersion = 17.10.35013.160
MinimumVisualStudioVersion = 10.0.40219.1
Project("{FAE04EC0-301F-11D3-BF4B-00C04F79EFBC}") = "lab7_unit_test", "lab7_unit_test.csproj", "{3B32EFAE-BC9C-4491-B454-CB9A15B6A8E2}"
EndProject
Project("{FAE04EC0-301F-11D3-BF4B-00C04F79EFBC}") = "lab7_unit_test_program", "..\lab7_unit_test_program\lab7_unit_test_program.csproj", "{63147C94-4E3D-41B7-8AC2-0BA1C209E7F4}"
EndProject
Global
	GlobalSection(SolutionConfigurationPlatforms) = preSolution
		Debug|Any CPU = Debug|Any CPU
		Release|Any CPU = Release|Any CPU
	EndGlobalSection
	GlobalSection(ProjectConfigurationPlatforms) = postSolution
		{3B32EFAE-BC9C-4491-B454-CB9A15B6A8E2}.Debug|Any CPU.ActiveCfg = Debug|Any CPU
		{3B32EFAE-BC9C-4491-B454-CB9A15B6A8E2}.Debug|Any CPU.Build.0 = Debug|Any CPU
		{3B32EFAE-BC9C-4491-B454-CB9A15B6A8E2}.Release|Any CPU.ActiveCfg = Release|Any CPU
		{3B32EFAE-BC9C-4491-B454-CB9A15B6A8E2}.Release|Any CPU.Build.0 = Release|Any CPU
		{63147C94-4E3D-41B7-8AC2-0BA1C209E7F4}.Debug|Any CPU.ActiveCfg = Debug|Any CPU
		{63147C94-4E3D-41B7-8AC2-0BA1C209E7F4}.Debug|Any CPU.Build.0 = Debug|Any CPU
		{63147C94-4E3D-41B7-8AC2-0BA1C209E7F4}.Release|Any CPU.ActiveCfg = Release|Any CPU
		{63147C94-4E3D-41B7-8AC2-0BA1C209E7F4}.Release|Any CPU.Build.0 = Release|Any CPU
	EndGlobalSection
	GlobalSection(SolutionProperties) = preSolution
		HideSolutionNode = FALSE
	EndGlobalSection
	GlobalSection(ExtensibilityGlobals) = postSolution
		SolutionGuid = {B19FF338-5215-4308-B974-21B3FEAEB4A1}
	EndGlobalSection
EndGlobal
